PODS:
  - DFImageManager (2.0.1):
    - DFImageManager/Core (= 2.0.1)
    - DFImageManager/UI (= 2.0.1)
  - DFImageManager/Core (2.0.1)
  - DFImageManager/UI (2.0.1):
    - DFImageManager/Core
  - KVNProgress (2.3.1)
  - MagicalRecord (2.3.2):
    - MagicalRecord/Core (= 2.3.2)
  - MagicalRecord/Core (2.3.2)
  - MWFeedParser (1.0.1):
    - MWFeedParser/FeedParser (= 1.0.1)
    - MWFeedParser/NSDate+InternetDateTime (= 1.0.1)
    - MWFeedParser/NSString+HTML (= 1.0.1)
  - MWFeedParser/FeedParser (1.0.1):
    - MWFeedParser/NSDate+InternetDateTime
    - MWFeedParser/NSString+HTML
  - MWFeedParser/NSDate+InternetDateTime (1.0.1)
  - MWFeedParser/NSString+HTML (1.0.1)
  - PBWebViewController (0.5.0)

DEPENDENCIES:
  - DFImageManager
  - KVNProgress
  - MagicalRecord
  - MWFeedParser (~> 1.0.1)
  - PBWebViewController (~> 0.2)

SPEC CHECKSUMS:
  DFImageManager: c19b62a3e15d89f3532ae6fdb222531ec7e811b1
  KVNProgress: 8167b1f19e2758290c0b6143020ed9dcbb0477a1
  MagicalRecord: 53bed74b4323b930992a725be713e53b37d19755
  MWFeedParser: 2cf646014c1baf6ad1b08c480b40a08180079247
  PBWebViewController: 6537990155ca850fb8d0563efbc12becebc953ef

PODFILE CHECKSUM: 21799e51418e3bfe8ae81b944b072eae840856d6

COCOAPODS: 1.0.0.beta.2
