// !$*UTF8*$!
{
	archiveVersion = 1;
	classes = {
	};
	objectVersion = 46;
	objects = {

/* Begin PBXBuildFile section */
		53828C3F1D82F7CF00719F73 /* main.m in Sources */ = {isa = PBXBuildFile; fileRef = 53828C3E1D82F7CF00719F73 /* main.m */; };
		53828C421D82F7CF00719F73 /* AppDelegate.m in Sources */ = {isa = PBXBuildFile; fileRef = 53828C411D82F7CF00719F73 /* AppDelegate.m */; };
		53828C481D82F7CF00719F73 /* Main.storyboard in Resources */ = {isa = PBXBuildFile; fileRef = 53828C461D82F7CF00719F73 /* Main.storyboard */; };
		53828C4D1D82F7CF00719F73 /* LaunchScreen.storyboard in Resources */ = {isa = PBXBuildFile; fileRef = 53828C4B1D82F7CF00719F73 /* LaunchScreen.storyboard */; };
		53828C6B1D8306DD00719F73 /* SVProgressHUD.bundle in Resources */ = {isa = PBXBuildFile; fileRef = 53828C691D8306DD00719F73 /* SVProgressHUD.bundle */; };
		53828C6C1D8306DD00719F73 /* Yess.framework in Frameworks */ = {isa = PBXBuildFile; fileRef = 53828C6A1D8306DD00719F73 /* Yess.framework */; };
		53828C711D830A4400719F73 /* Images.xcassets in Resources */ = {isa = PBXBuildFile; fileRef = 53828C701D830A4400719F73 /* Images.xcassets */; };
		53828C761D83184B00719F73 /* Localizable.strings in Resources */ = {isa = PBXBuildFile; fileRef = 53828C751D83184B00719F73 /* Localizable.strings */; };
		53828C811D83193F00719F73 /* RSRItemDetailedVC.m in Sources */ = {isa = PBXBuildFile; fileRef = 53828C7A1D83193F00719F73 /* RSRItemDetailedVC.m */; };
		53828C821D83193F00719F73 /* RSRListEditVC.m in Sources */ = {isa = PBXBuildFile; fileRef = 53828C7C1D83193F00719F73 /* RSRListEditVC.m */; };
		53828C831D83193F00719F73 /* RSRMainVC.m in Sources */ = {isa = PBXBuildFile; fileRef = 53828C7E1D83193F00719F73 /* RSRMainVC.m */; };
		53828C841D83193F00719F73 /* RSRSplashVC.m in Sources */ = {isa = PBXBuildFile; fileRef = 53828C801D83193F00719F73 /* RSRSplashVC.m */; };
		53828C8B1D83194F00719F73 /* AbcViewController.m in Sources */ = {isa = PBXBuildFile; fileRef = 53828C871D83194F00719F73 /* AbcViewController.m */; };
		53828C8C1D83194F00719F73 /* RSRAppHelper.m in Sources */ = {isa = PBXBuildFile; fileRef = 53828C8A1D83194F00719F73 /* RSRAppHelper.m */; };
		53828C8F1D83293900719F73 /* Feed.xcdatamodeld in Sources */ = {isa = PBXBuildFile; fileRef = 53828C8D1D83293900719F73 /* Feed.xcdatamodeld */; };
		53828CA01D832E1600719F73 /* ListItem+CoreDataProperties.m in Sources */ = {isa = PBXBuildFile; fileRef = 53828C9B1D832E1600719F73 /* ListItem+CoreDataProperties.m */; };
		53828CA11D832E1600719F73 /* ListItem.m in Sources */ = {isa = PBXBuildFile; fileRef = 53828C9D1D832E1600719F73 /* ListItem.m */; };
		53828CA51D8330FB00719F73 /* RSRListItemAddEdit.m in Sources */ = {isa = PBXBuildFile; fileRef = 53828CA41D8330FB00719F73 /* RSRListItemAddEdit.m */; };
		53828CAA1D833BE100719F73 /* RSRItemTableCell.m in Sources */ = {isa = PBXBuildFile; fileRef = 53828CA81D833BE100719F73 /* RSRItemTableCell.m */; };
		53828CAB1D833BE100719F73 /* RSRItemTableCell.xib in Resources */ = {isa = PBXBuildFile; fileRef = 53828CA91D833BE100719F73 /* RSRItemTableCell.xib */; };
		53828CB61D833E4700719F73 /* FeedItem.m in Sources */ = {isa = PBXBuildFile; fileRef = 53828CB31D833E4700719F73 /* FeedItem.m */; };
		53828CB71D833E4700719F73 /* FeedItem+CoreDataProperties.m in Sources */ = {isa = PBXBuildFile; fileRef = 53828CB51D833E4700719F73 /* FeedItem+CoreDataProperties.m */; };
		C2EA894007B548DC40F971CD /* Pods_rssr.framework in Frameworks */ = {isa = PBXBuildFile; fileRef = 9D6B96FCF64843F7B78A22EA /* Pods_rssr.framework */; };
/* End PBXBuildFile section */

/* Begin PBXFileReference section */
		0292C90085F5BCFBFBCE0677 /* Pods-rssr.debug.xcconfig */ = {isa = PBXFileReference; includeInIndex = 1; lastKnownFileType = text.xcconfig; name = "Pods-rssr.debug.xcconfig"; path = "Pods/Target Support Files/Pods-rssr/Pods-rssr.debug.xcconfig"; sourceTree = "<group>"; };
		53828C3A1D82F7CF00719F73 /* rssr.app */ = {isa = PBXFileReference; explicitFileType = wrapper.application; includeInIndex = 0; path = rssr.app; sourceTree = BUILT_PRODUCTS_DIR; };
		53828C3E1D82F7CF00719F73 /* main.m */ = {isa = PBXFileReference; lastKnownFileType = sourcecode.c.objc; path = main.m; sourceTree = "<group>"; };
		53828C401D82F7CF00719F73 /* AppDelegate.h */ = {isa = PBXFileReference; lastKnownFileType = sourcecode.c.h; path = AppDelegate.h; sourceTree = "<group>"; };
		53828C411D82F7CF00719F73 /* AppDelegate.m */ = {isa = PBXFileReference; lastKnownFileType = sourcecode.c.objc; path = AppDelegate.m; sourceTree = "<group>"; };
		53828C471D82F7CF00719F73 /* Base */ = {isa = PBXFileReference; lastKnownFileType = file.storyboard; name = Base; path = Base.lproj/Main.storyboard; sourceTree = "<group>"; };
		53828C4C1D82F7CF00719F73 /* Base */ = {isa = PBXFileReference; lastKnownFileType = file.storyboard; name = Base; path = Base.lproj/LaunchScreen.storyboard; sourceTree = "<group>"; };
		53828C4E1D82F7CF00719F73 /* Info.plist */ = {isa = PBXFileReference; lastKnownFileType = text.plist.xml; path = Info.plist; sourceTree = "<group>"; };
		53828C691D8306DD00719F73 /* SVProgressHUD.bundle */ = {isa = PBXFileReference; lastKnownFileType = "wrapper.plug-in"; path = SVProgressHUD.bundle; sourceTree = "<group>"; };
		53828C6A1D8306DD00719F73 /* Yess.framework */ = {isa = PBXFileReference; lastKnownFileType = wrapper.framework; path = Yess.framework; sourceTree = "<group>"; };
		53828C701D830A4400719F73 /* Images.xcassets */ = {isa = PBXFileReference; lastKnownFileType = folder.assetcatalog; path = Images.xcassets; sourceTree = "<group>"; };
		53828C751D83184B00719F73 /* Localizable.strings */ = {isa = PBXFileReference; fileEncoding = 4; lastKnownFileType = text.plist.strings; path = Localizable.strings; sourceTree = "<group>"; };
		53828C791D83193F00719F73 /* RSRItemDetailedVC.h */ = {isa = PBXFileReference; fileEncoding = 4; lastKnownFileType = sourcecode.c.h; path = RSRItemDetailedVC.h; sourceTree = "<group>"; };
		53828C7A1D83193F00719F73 /* RSRItemDetailedVC.m */ = {isa = PBXFileReference; fileEncoding = 4; lastKnownFileType = sourcecode.c.objc; path = RSRItemDetailedVC.m; sourceTree = "<group>"; };
		53828C7B1D83193F00719F73 /* RSRListEditVC.h */ = {isa = PBXFileReference; fileEncoding = 4; lastKnownFileType = sourcecode.c.h; path = RSRListEditVC.h; sourceTree = "<group>"; };
		53828C7C1D83193F00719F73 /* RSRListEditVC.m */ = {isa = PBXFileReference; fileEncoding = 4; lastKnownFileType = sourcecode.c.objc; path = RSRListEditVC.m; sourceTree = "<group>"; };
		53828C7D1D83193F00719F73 /* RSRMainVC.h */ = {isa = PBXFileReference; fileEncoding = 4; lastKnownFileType = sourcecode.c.h; path = RSRMainVC.h; sourceTree = "<group>"; };
		53828C7E1D83193F00719F73 /* RSRMainVC.m */ = {isa = PBXFileReference; fileEncoding = 4; lastKnownFileType = sourcecode.c.objc; path = RSRMainVC.m; sourceTree = "<group>"; };
		53828C7F1D83193F00719F73 /* RSRSplashVC.h */ = {isa = PBXFileReference; fileEncoding = 4; lastKnownFileType = sourcecode.c.h; path = RSRSplashVC.h; sourceTree = "<group>"; };
		53828C801D83193F00719F73 /* RSRSplashVC.m */ = {isa = PBXFileReference; fileEncoding = 4; lastKnownFileType = sourcecode.c.objc; path = RSRSplashVC.m; sourceTree = "<group>"; };
		53828C861D83194F00719F73 /* AbcViewController.h */ = {isa = PBXFileReference; fileEncoding = 4; lastKnownFileType = sourcecode.c.h; path = AbcViewController.h; sourceTree = "<group>"; };
		53828C871D83194F00719F73 /* AbcViewController.m */ = {isa = PBXFileReference; fileEncoding = 4; lastKnownFileType = sourcecode.c.objc; path = AbcViewController.m; sourceTree = "<group>"; };
		53828C881D83194F00719F73 /* Consts.h */ = {isa = PBXFileReference; fileEncoding = 4; lastKnownFileType = sourcecode.c.h; path = Consts.h; sourceTree = "<group>"; };
		53828C891D83194F00719F73 /* RSRAppHelper.h */ = {isa = PBXFileReference; fileEncoding = 4; lastKnownFileType = sourcecode.c.h; path = RSRAppHelper.h; sourceTree = "<group>"; };
		53828C8A1D83194F00719F73 /* RSRAppHelper.m */ = {isa = PBXFileReference; fileEncoding = 4; lastKnownFileType = sourcecode.c.objc; path = RSRAppHelper.m; sourceTree = "<group>"; };
		53828C8E1D83293900719F73 /* Feed.xcdatamodel */ = {isa = PBXFileReference; lastKnownFileType = wrapper.xcdatamodel; path = Feed.xcdatamodel; sourceTree = "<group>"; };
		53828C9A1D832E1600719F73 /* ListItem+CoreDataProperties.h */ = {isa = PBXFileReference; fileEncoding = 4; lastKnownFileType = sourcecode.c.h; path = "ListItem+CoreDataProperties.h"; sourceTree = "<group>"; };
		53828C9B1D832E1600719F73 /* ListItem+CoreDataProperties.m */ = {isa = PBXFileReference; fileEncoding = 4; lastKnownFileType = sourcecode.c.objc; path = "ListItem+CoreDataProperties.m"; sourceTree = "<group>"; };
		53828C9C1D832E1600719F73 /* ListItem.h */ = {isa = PBXFileReference; fileEncoding = 4; lastKnownFileType = sourcecode.c.h; path = ListItem.h; sourceTree = "<group>"; };
		53828C9D1D832E1600719F73 /* ListItem.m */ = {isa = PBXFileReference; fileEncoding = 4; lastKnownFileType = sourcecode.c.objc; path = ListItem.m; sourceTree = "<group>"; };
		53828CA31D8330FB00719F73 /* RSRListItemAddEdit.h */ = {isa = PBXFileReference; fileEncoding = 4; lastKnownFileType = sourcecode.c.h; path = RSRListItemAddEdit.h; sourceTree = "<group>"; };
		53828CA41D8330FB00719F73 /* RSRListItemAddEdit.m */ = {isa = PBXFileReference; fileEncoding = 4; lastKnownFileType = sourcecode.c.objc; path = RSRListItemAddEdit.m; sourceTree = "<group>"; };
		53828CA71D833BE100719F73 /* RSRItemTableCell.h */ = {isa = PBXFileReference; fileEncoding = 4; lastKnownFileType = sourcecode.c.h; path = RSRItemTableCell.h; sourceTree = "<group>"; };
		53828CA81D833BE100719F73 /* RSRItemTableCell.m */ = {isa = PBXFileReference; fileEncoding = 4; lastKnownFileType = sourcecode.c.objc; path = RSRItemTableCell.m; sourceTree = "<group>"; };
		53828CA91D833BE100719F73 /* RSRItemTableCell.xib */ = {isa = PBXFileReference; fileEncoding = 4; lastKnownFileType = file.xib; path = RSRItemTableCell.xib; sourceTree = "<group>"; };
		53828CB21D833E4700719F73 /* FeedItem.h */ = {isa = PBXFileReference; fileEncoding = 4; lastKnownFileType = sourcecode.c.h; path = FeedItem.h; sourceTree = "<group>"; };
		53828CB31D833E4700719F73 /* FeedItem.m */ = {isa = PBXFileReference; fileEncoding = 4; lastKnownFileType = sourcecode.c.objc; path = FeedItem.m; sourceTree = "<group>"; };
		53828CB41D833E4700719F73 /* FeedItem+CoreDataProperties.h */ = {isa = PBXFileReference; fileEncoding = 4; lastKnownFileType = sourcecode.c.h; path = "FeedItem+CoreDataProperties.h"; sourceTree = "<group>"; };
		53828CB51D833E4700719F73 /* FeedItem+CoreDataProperties.m */ = {isa = PBXFileReference; fileEncoding = 4; lastKnownFileType = sourcecode.c.objc; path = "FeedItem+CoreDataProperties.m"; sourceTree = "<group>"; };
		9D6B96FCF64843F7B78A22EA /* Pods_rssr.framework */ = {isa = PBXFileReference; explicitFileType = wrapper.framework; includeInIndex = 0; path = Pods_rssr.framework; sourceTree = BUILT_PRODUCTS_DIR; };
		B9C6E335EEEDF32E45D5A74F /* Pods-rssr.release.xcconfig */ = {isa = PBXFileReference; includeInIndex = 1; lastKnownFileType = text.xcconfig; name = "Pods-rssr.release.xcconfig"; path = "Pods/Target Support Files/Pods-rssr/Pods-rssr.release.xcconfig"; sourceTree = "<group>"; };
/* End PBXFileReference section */

/* Begin PBXFrameworksBuildPhase section */
		53828C371D82F7CF00719F73 /* Frameworks */ = {
			isa = PBXFrameworksBuildPhase;
			buildActionMask = 2147483647;
			files = (
				53828C6C1D8306DD00719F73 /* Yess.framework in Frameworks */,
				C2EA894007B548DC40F971CD /* Pods_rssr.framework in Frameworks */,
			);
			runOnlyForDeploymentPostprocessing = 0;
		};
/* End PBXFrameworksBuildPhase section */

/* Begin PBXGroup section */
		53828C311D82F7CF00719F73 = {
			isa = PBXGroup;
			children = (
				53828C3C1D82F7CF00719F73 /* rssr */,
				53828C3B1D82F7CF00719F73 /* Products */,
				C5EC277F8AF8492D3B3BC580 /* Pods */,
				DDB0EAE6404D62C2A78F3FF4 /* Frameworks */,
			);
			sourceTree = "<group>";
		};
		53828C3B1D82F7CF00719F73 /* Products */ = {
			isa = PBXGroup;
			children = (
				53828C3A1D82F7CF00719F73 /* rssr.app */,
			);
			name = Products;
			sourceTree = "<group>";
		};
		53828C3C1D82F7CF00719F73 /* rssr */ = {
			isa = PBXGroup;
			children = (
				53828C4B1D82F7CF00719F73 /* LaunchScreen.storyboard */,
				53828C6F1D830A4400719F73 /* Resources */,
				53828C401D82F7CF00719F73 /* AppDelegate.h */,
				53828C411D82F7CF00719F73 /* AppDelegate.m */,
				53828C851D83194F00719F73 /* Helpers */,
				53828C461D82F7CF00719F73 /* Main.storyboard */,
				53828CA61D833BBB00719F73 /* Views */,
				53828C781D83193F00719F73 /* ViewControllers */,
				53828C671D8306CD00719F73 /* ThirdParty */,
				53828C3D1D82F7CF00719F73 /* Supporting Files */,
			);
			path = rssr;
			sourceTree = "<group>";
		};
		53828C3D1D82F7CF00719F73 /* Supporting Files */ = {
			isa = PBXGroup;
			children = (
				53828C4E1D82F7CF00719F73 /* Info.plist */,
				53828C751D83184B00719F73 /* Localizable.strings */,
				53828C3E1D82F7CF00719F73 /* main.m */,
			);
			name = "Supporting Files";
			sourceTree = "<group>";
		};
		53828C671D8306CD00719F73 /* ThirdParty */ = {
			isa = PBXGroup;
			children = (
				53828C681D8306DD00719F73 /* YESS */,
			);
			path = ThirdParty;
			sourceTree = SOURCE_ROOT;
		};
		53828C681D8306DD00719F73 /* YESS */ = {
			isa = PBXGroup;
			children = (
				53828C691D8306DD00719F73 /* SVProgressHUD.bundle */,
				53828C6A1D8306DD00719F73 /* Yess.framework */,
			);
			path = YESS;
			sourceTree = "<group>";
		};
		53828C6F1D830A4400719F73 /* Resources */ = {
			isa = PBXGroup;
			children = (
				53828C701D830A4400719F73 /* Images.xcassets */,
			);
			path = Resources;
			sourceTree = SOURCE_ROOT;
		};
		53828C781D83193F00719F73 /* ViewControllers */ = {
			isa = PBXGroup;
			children = (
				53828C7F1D83193F00719F73 /* RSRSplashVC.h */,
				53828C801D83193F00719F73 /* RSRSplashVC.m */,
				53828C7D1D83193F00719F73 /* RSRMainVC.h */,
				53828C7E1D83193F00719F73 /* RSRMainVC.m */,
				53828C791D83193F00719F73 /* RSRItemDetailedVC.h */,
				53828C7A1D83193F00719F73 /* RSRItemDetailedVC.m */,
				53828C7B1D83193F00719F73 /* RSRListEditVC.h */,
				53828C7C1D83193F00719F73 /* RSRListEditVC.m */,
				53828CA31D8330FB00719F73 /* RSRListItemAddEdit.h */,
				53828CA41D8330FB00719F73 /* RSRListItemAddEdit.m */,
			);
			path = ViewControllers;
			sourceTree = "<group>";
		};
		53828C851D83194F00719F73 /* Helpers */ = {
			isa = PBXGroup;
			children = (
				53828C881D83194F00719F73 /* Consts.h */,
				53828C861D83194F00719F73 /* AbcViewController.h */,
				53828C871D83194F00719F73 /* AbcViewController.m */,
				53828C891D83194F00719F73 /* RSRAppHelper.h */,
				53828C8A1D83194F00719F73 /* RSRAppHelper.m */,
				53828CA21D832E1D00719F73 /* Model */,
			);
			path = Helpers;
			sourceTree = "<group>";
		};
		53828CA21D832E1D00719F73 /* Model */ = {
			isa = PBXGroup;
			children = (
				53828CB21D833E4700719F73 /* FeedItem.h */,
				53828CB31D833E4700719F73 /* FeedItem.m */,
				53828CB41D833E4700719F73 /* FeedItem+CoreDataProperties.h */,
				53828CB51D833E4700719F73 /* FeedItem+CoreDataProperties.m */,
				53828C9A1D832E1600719F73 /* ListItem+CoreDataProperties.h */,
				53828C9B1D832E1600719F73 /* ListItem+CoreDataProperties.m */,
				53828C9C1D832E1600719F73 /* ListItem.h */,
				53828C9D1D832E1600719F73 /* ListItem.m */,
				53828C8D1D83293900719F73 /* Feed.xcdatamodeld */,
			);
			name = Model;
			sourceTree = "<group>";
		};
		53828CA61D833BBB00719F73 /* Views */ = {
			isa = PBXGroup;
			children = (
				53828CA71D833BE100719F73 /* RSRItemTableCell.h */,
				53828CA81D833BE100719F73 /* RSRItemTableCell.m */,
				53828CA91D833BE100719F73 /* RSRItemTableCell.xib */,
			);
			path = Views;
			sourceTree = "<group>";
		};
		C5EC277F8AF8492D3B3BC580 /* Pods */ = {
			isa = PBXGroup;
			children = (
				0292C90085F5BCFBFBCE0677 /* Pods-rssr.debug.xcconfig */,
				B9C6E335EEEDF32E45D5A74F /* Pods-rssr.release.xcconfig */,
			);
			name = Pods;
			sourceTree = "<group>";
		};
		DDB0EAE6404D62C2A78F3FF4 /* Frameworks */ = {
			isa = PBXGroup;
			children = (
				9D6B96FCF64843F7B78A22EA /* Pods_rssr.framework */,
			);
			name = Frameworks;
			sourceTree = "<group>";
		};
/* End PBXGroup section */

/* Begin PBXNativeTarget section */
		53828C391D82F7CF00719F73 /* rssr */ = {
			isa = PBXNativeTarget;
			buildConfigurationList = 53828C511D82F7CF00719F73 /* Build configuration list for PBXNativeTarget "rssr" */;
			buildPhases = (
				FBC0205608B82D2D09CC21D8 /* Check Pods Manifest.lock */,
				53828C361D82F7CF00719F73 /* Sources */,
				53828C371D82F7CF00719F73 /* Frameworks */,
				53828C381D82F7CF00719F73 /* Resources */,
				C6C55291795ECD10ECCCC997 /* Embed Pods Frameworks */,
				2FBE35DB853E5764D3099A6B /* Copy Pods Resources */,
			);
			buildRules = (
			);
			dependencies = (
			);
			name = rssr;
			productName = rssr;
			productReference = 53828C3A1D82F7CF00719F73 /* rssr.app */;
			productType = "com.apple.product-type.application";
		};
/* End PBXNativeTarget section */

/* Begin PBXProject section */
		53828C321D82F7CF00719F73 /* Project object */ = {
			isa = PBXProject;
			attributes = {
				LastUpgradeCheck = 0730;
				ORGANIZATIONNAME = YESS;
				TargetAttributes = {
					53828C391D82F7CF00719F73 = {
						CreatedOnToolsVersion = 7.3.1;
					};
				};
			};
			buildConfigurationList = 53828C351D82F7CF00719F73 /* Build configuration list for PBXProject "rssr" */;
			compatibilityVersion = "Xcode 3.2";
			developmentRegion = English;
			hasScannedForEncodings = 0;
			knownRegions = (
				en,
				Base,
			);
			mainGroup = 53828C311D82F7CF00719F73;
			productRefGroup = 53828C3B1D82F7CF00719F73 /* Products */;
			projectDirPath = "";
			projectRoot = "";
			targets = (
				53828C391D82F7CF00719F73 /* rssr */,
			);
		};
/* End PBXProject section */

/* Begin PBXResourcesBuildPhase section */
		53828C381D82F7CF00719F73 /* Resources */ = {
			isa = PBXResourcesBuildPhase;
			buildActionMask = 2147483647;
			files = (
				53828C761D83184B00719F73 /* Localizable.strings in Resources */,
				53828C4D1D82F7CF00719F73 /* LaunchScreen.storyboard in Resources */,
				53828C711D830A4400719F73 /* Images.xcassets in Resources */,
				53828C481D82F7CF00719F73 /* Main.storyboard in Resources */,
				53828C6B1D8306DD00719F73 /* SVProgressHUD.bundle in Resources */,
				53828CAB1D833BE100719F73 /* RSRItemTableCell.xib in Resources */,
			);
			runOnlyForDeploymentPostprocessing = 0;
		};
/* End PBXResourcesBuildPhase section */

/* Begin PBXShellScriptBuildPhase section */
		2FBE35DB853E5764D3099A6B /* Copy Pods Resources */ = {
			isa = PBXShellScriptBuildPhase;
			buildActionMask = 2147483647;
			files = (
			);
			inputPaths = (
			);
			name = "Copy Pods Resources";
			outputPaths = (
			);
			runOnlyForDeploymentPostprocessing = 0;
			shellPath = /bin/sh;
			shellScript = "\"${SRCROOT}/Pods/Target Support Files/Pods-rssr/Pods-rssr-resources.sh\"\n";
			showEnvVarsInLog = 0;
		};
		C6C55291795ECD10ECCCC997 /* Embed Pods Frameworks */ = {
			isa = PBXShellScriptBuildPhase;
			buildActionMask = 2147483647;
			files = (
			);
			inputPaths = (
			);
			name = "Embed Pods Frameworks";
			outputPaths = (
			);
			runOnlyForDeploymentPostprocessing = 0;
			shellPath = /bin/sh;
			shellScript = "\"${SRCROOT}/Pods/Target Support Files/Pods-rssr/Pods-rssr-frameworks.sh\"\n";
			showEnvVarsInLog = 0;
		};
		FBC0205608B82D2D09CC21D8 /* Check Pods Manifest.lock */ = {
			isa = PBXShellScriptBuildPhase;
			buildActionMask = 2147483647;
			files = (
			);
			inputPaths = (
			);
			name = "Check Pods Manifest.lock";
			outputPaths = (
			);
			runOnlyForDeploymentPostprocessing = 0;
			shellPath = /bin/sh;
			shellScript = "diff \"${PODS_ROOT}/../Podfile.lock\" \"${PODS_ROOT}/Manifest.lock\" > /dev/null\nif [[ $? != 0 ]] ; then\n    cat << EOM\nerror: The sandbox is not in sync with the Podfile.lock. Run 'pod install' or update your CocoaPods installation.\nEOM\n    exit 1\nfi\n";
			showEnvVarsInLog = 0;
		};
/* End PBXShellScriptBuildPhase section */

/* Begin PBXSourcesBuildPhase section */
		53828C361D82F7CF00719F73 /* Sources */ = {
			isa = PBXSourcesBuildPhase;
			buildActionMask = 2147483647;
			files = (
				53828C421D82F7CF00719F73 /* AppDelegate.m in Sources */,
				53828CA11D832E1600719F73 /* ListItem.m in Sources */,
				53828CA01D832E1600719F73 /* ListItem+CoreDataProperties.m in Sources */,
				53828C841D83193F00719F73 /* RSRSplashVC.m in Sources */,
				53828CB61D833E4700719F73 /* FeedItem.m in Sources */,
				53828C831D83193F00719F73 /* RSRMainVC.m in Sources */,
				53828C8F1D83293900719F73 /* Feed.xcdatamodeld in Sources */,
				53828C8B1D83194F00719F73 /* AbcViewController.m in Sources */,
				53828C8C1D83194F00719F73 /* RSRAppHelper.m in Sources */,
				53828CAA1D833BE100719F73 /* RSRItemTableCell.m in Sources */,
				53828CA51D8330FB00719F73 /* RSRListItemAddEdit.m in Sources */,
				53828C811D83193F00719F73 /* RSRItemDetailedVC.m in Sources */,
				53828CB71D833E4700719F73 /* FeedItem+CoreDataProperties.m in Sources */,
				53828C3F1D82F7CF00719F73 /* main.m in Sources */,
				53828C821D83193F00719F73 /* RSRListEditVC.m in Sources */,
			);
			runOnlyForDeploymentPostprocessing = 0;
		};
/* End PBXSourcesBuildPhase section */

/* Begin PBXVariantGroup section */
		53828C461D82F7CF00719F73 /* Main.storyboard */ = {
			isa = PBXVariantGroup;
			children = (
				53828C471D82F7CF00719F73 /* Base */,
			);
			name = Main.storyboard;
			sourceTree = "<group>";
		};
		53828C4B1D82F7CF00719F73 /* LaunchScreen.storyboard */ = {
			isa = PBXVariantGroup;
			children = (
				53828C4C1D82F7CF00719F73 /* Base */,
			);
			name = LaunchScreen.storyboard;
			sourceTree = "<group>";
		};
/* End PBXVariantGroup section */

/* Begin XCBuildConfiguration section */
		53828C4F1D82F7CF00719F73 /* Debug */ = {
			isa = XCBuildConfiguration;
			buildSettings = {
				ALWAYS_SEARCH_USER_PATHS = NO;
				CLANG_ANALYZER_NONNULL = YES;
				CLANG_CXX_LANGUAGE_STANDARD = "gnu++0x";
				CLANG_CXX_LIBRARY = "libc++";
				CLANG_ENABLE_MODULES = YES;
				CLANG_ENABLE_OBJC_ARC = YES;
				CLANG_WARN_BOOL_CONVERSION = YES;
				CLANG_WARN_CONSTANT_CONVERSION = YES;
				CLANG_WARN_DIRECT_OBJC_ISA_USAGE = YES_ERROR;
				CLANG_WARN_EMPTY_BODY = YES;
				CLANG_WARN_ENUM_CONVERSION = YES;
				CLANG_WARN_INT_CONVERSION = YES;
				CLANG_WARN_OBJC_ROOT_CLASS = YES_ERROR;
				CLANG_WARN_UNREACHABLE_CODE = YES;
				CLANG_WARN__DUPLICATE_METHOD_MATCH = YES;
				"CODE_SIGN_IDENTITY[sdk=iphoneos*]" = "iPhone Developer";
				COPY_PHASE_STRIP = NO;
				DEBUG_INFORMATION_FORMAT = dwarf;
				ENABLE_STRICT_OBJC_MSGSEND = YES;
				ENABLE_TESTABILITY = YES;
				GCC_C_LANGUAGE_STANDARD = gnu99;
				GCC_DYNAMIC_NO_PIC = NO;
				GCC_NO_COMMON_BLOCKS = YES;
				GCC_OPTIMIZATION_LEVEL = 0;
				GCC_PREPROCESSOR_DEFINITIONS = (
					"DEBUG=1",
					"$(inherited)",
				);
				GCC_WARN_64_TO_32_BIT_CONVERSION = YES;
				GCC_WARN_ABOUT_RETURN_TYPE = YES_ERROR;
				GCC_WARN_UNDECLARED_SELECTOR = YES;
				GCC_WARN_UNINITIALIZED_AUTOS = YES_AGGRESSIVE;
				GCC_WARN_UNUSED_FUNCTION = YES;
				GCC_WARN_UNUSED_VARIABLE = YES;
				IPHONEOS_DEPLOYMENT_TARGET = 9.3;
				MTL_ENABLE_DEBUG_INFO = YES;
				ONLY_ACTIVE_ARCH = YES;
				SDKROOT = iphoneos;
			};
			name = Debug;
		};
		53828C501D82F7CF00719F73 /* Release */ = {
			isa = XCBuildConfiguration;
			buildSettings = {
				ALWAYS_SEARCH_USER_PATHS = NO;
				CLANG_ANALYZER_NONNULL = YES;
				CLANG_CXX_LANGUAGE_STANDARD = "gnu++0x";
				CLANG_CXX_LIBRARY = "libc++";
				CLANG_ENABLE_MODULES = YES;
				CLANG_ENABLE_OBJC_ARC = YES;
				CLANG_WARN_BOOL_CONVERSION = YES;
				CLANG_WARN_CONSTANT_CONVERSION = YES;
				CLANG_WARN_DIRECT_OBJC_ISA_USAGE = YES_ERROR;
				CLANG_WARN_EMPTY_BODY = YES;
				CLANG_WARN_ENUM_CONVERSION = YES;
				CLANG_WARN_INT_CONVERSION = YES;
				CLANG_WARN_OBJC_ROOT_CLASS = YES_ERROR;
				CLANG_WARN_UNREACHABLE_CODE = YES;
				CLANG_WARN__DUPLICATE_METHOD_MATCH = YES;
				"CODE_SIGN_IDENTITY[sdk=iphoneos*]" = "iPhone Developer";
				COPY_PHASE_STRIP = NO;
				DEBUG_INFORMATION_FORMAT = "dwarf-with-dsym";
				ENABLE_NS_ASSERTIONS = NO;
				ENABLE_STRICT_OBJC_MSGSEND = YES;
				GCC_C_LANGUAGE_STANDARD = gnu99;
				GCC_NO_COMMON_BLOCKS = YES;
				GCC_WARN_64_TO_32_BIT_CONVERSION = YES;
				GCC_WARN_ABOUT_RETURN_TYPE = YES_ERROR;
				GCC_WARN_UNDECLARED_SELECTOR = YES;
				GCC_WARN_UNINITIALIZED_AUTOS = YES_AGGRESSIVE;
				GCC_WARN_UNUSED_FUNCTION = YES;
				GCC_WARN_UNUSED_VARIABLE = YES;
				IPHONEOS_DEPLOYMENT_TARGET = 9.3;
				MTL_ENABLE_DEBUG_INFO = NO;
				SDKROOT = iphoneos;
				VALIDATE_PRODUCT = YES;
			};
			name = Release;
		};
		53828C521D82F7CF00719F73 /* Debug */ = {
			isa = XCBuildConfiguration;
			baseConfigurationReference = 0292C90085F5BCFBFBCE0677 /* Pods-rssr.debug.xcconfig */;
			buildSettings = {
				ASSETCATALOG_COMPILER_APPICON_NAME = AppIcon;
				FRAMEWORK_SEARCH_PATHS = (
					"$(inherited)",
					"$(PROJECT_DIR)/ThirdParty/YESS",
				);
				INFOPLIST_FILE = rssr/Info.plist;
				IPHONEOS_DEPLOYMENT_TARGET = 8.0;
				LD_RUNPATH_SEARCH_PATHS = "$(inherited) @executable_path/Frameworks";
				PRODUCT_BUNDLE_IDENTIFIER = "com.ye-ss.rssr";
				PRODUCT_NAME = "$(TARGET_NAME)";
			};
			name = Debug;
		};
		53828C531D82F7CF00719F73 /* Release */ = {
			isa = XCBuildConfiguration;
			baseConfigurationReference = B9C6E335EEEDF32E45D5A74F /* Pods-rssr.release.xcconfig */;
			buildSettings = {
				ASSETCATALOG_COMPILER_APPICON_NAME = AppIcon;
				FRAMEWORK_SEARCH_PATHS = (
					"$(inherited)",
					"$(PROJECT_DIR)/ThirdParty/YESS",
				);
				INFOPLIST_FILE = rssr/Info.plist;
				IPHONEOS_DEPLOYMENT_TARGET = 8.0;
				LD_RUNPATH_SEARCH_PATHS = "$(inherited) @executable_path/Frameworks";
				PRODUCT_BUNDLE_IDENTIFIER = "com.ye-ss.rssr";
				PRODUCT_NAME = "$(TARGET_NAME)";
			};
			name = Release;
		};
/* End XCBuildConfiguration section */

/* Begin XCConfigurationList section */
		53828C351D82F7CF00719F73 /* Build configuration list for PBXProject "rssr" */ = {
			isa = XCConfigurationList;
			buildConfigurations = (
				53828C4F1D82F7CF00719F73 /* Debug */,
				53828C501D82F7CF00719F73 /* Release */,
			);
			defaultConfigurationIsVisible = 0;
			defaultConfigurationName = Release;
		};
		53828C511D82F7CF00719F73 /* Build configuration list for PBXNativeTarget "rssr" */ = {
			isa = XCConfigurationList;
			buildConfigurations = (
				53828C521D82F7CF00719F73 /* Debug */,
				53828C531D82F7CF00719F73 /* Release */,
			);
			defaultConfigurationIsVisible = 0;
			defaultConfigurationName = Release;
		};
/* End XCConfigurationList section */

/* Begin XCVersionGroup section */
		53828C8D1D83293900719F73 /* Feed.xcdatamodeld */ = {
			isa = XCVersionGroup;
			children = (
				53828C8E1D83293900719F73 /* Feed.xcdatamodel */,
			);
			currentVersion = 53828C8E1D83293900719F73 /* Feed.xcdatamodel */;
			path = Feed.xcdatamodeld;
			sourceTree = "<group>";
			versionGroupType = wrapper.xcdatamodel;
		};
/* End XCVersionGroup section */
	};
	rootObject = 53828C321D82F7CF00719F73 /* Project object */;
}
